
Microsoft Visual Studio Solution File, Format Version 12.00
# Visual Studio Version 16
VisualStudioVersion = 16.0.29519.87
MinimumVisualStudioVersion = 10.0.40219.1
Project("{9A19103F-16F7-4668-BE54-9A1E7A4F7556}") = "SocialNetwork", "SocialNetwork\SocialNetwork.csproj", "{B6D353DF-A080-4B31-973C-575E2DEE53D8}"
EndProject
Global
	GlobalSection(SolutionConfigurationPlatforms) = preSolution
		Debug|Any CPU = Debug|Any CPU
		Release|Any CPU = Release|Any CPU
	EndGlobalSection
	GlobalSection(ProjectConfigurationPlatforms) = postSolution
		{B6D353DF-A080-4B31-973C-575E2DEE53D8}.Debug|Any CPU.ActiveCfg = Debug|Any CPU
		{B6D353DF-A080-4B31-973C-575E2DEE53D8}.Debug|Any CPU.Build.0 = Debug|Any CPU
		{B6D353DF-A080-4B31-973C-575E2DEE53D8}.Release|Any CPU.ActiveCfg = Release|Any CPU
		{B6D353DF-A080-4B31-973C-575E2DEE53D8}.Release|Any CPU.Build.0 = Release|Any CPU
	EndGlobalSection
	GlobalSection(SolutionProperties) = preSolution
		HideSolutionNode = FALSE
	EndGlobalSection
	GlobalSection(ExtensibilityGlobals) = postSolution
		SolutionGuid = {2A3A64C6-3DA6-4B09-9205-395E2AC1986B}
	EndGlobalSection
EndGlobal
